
Microsoft Visual Studio Solution File, Format Version 12.00
# Visual Studio Version 17
VisualStudioVersion = 17.12.35527.113 d17.12
MinimumVisualStudioVersion = 10.0.40219.1
Project("{FAE04EC0-301F-11D3-BF4B-00C04F79EFBC}") = "Data", "Data\Data.csproj", "{8A0942A7-62EB-4108-96DF-B3EE87287534}"
EndProject
Project("{FAE04EC0-301F-11D3-BF4B-00C04F79EFBC}") = "Business", "Business\Business.csproj", "{45384B19-0AA6-4F52-85E0-6522B5A4F7DB}"
EndProject
Project("{FAE04EC0-301F-11D3-BF4B-00C04F79EFBC}") = "MVC", "MVC\MVC.csproj", "{88094288-5144-4CEB-BBBC-CD29D73020F8}"
EndProject
Project("{FAE04EC0-301F-11D3-BF4B-00C04F79EFBC}") = "Domain", "Domain\Domain.csproj", "{E259DC90-90BF-48E7-92E7-2D01B210BB0D}"
EndProject
Global
	GlobalSection(SolutionConfigurationPlatforms) = preSolution
		Debug|Any CPU = Debug|Any CPU
		Release|Any CPU = Release|Any CPU
	EndGlobalSection
	GlobalSection(ProjectConfigurationPlatforms) = postSolution
		{8A0942A7-62EB-4108-96DF-B3EE87287534}.Debug|Any CPU.ActiveCfg = Debug|Any CPU
		{8A0942A7-62EB-4108-96DF-B3EE87287534}.Debug|Any CPU.Build.0 = Debug|Any CPU
		{8A0942A7-62EB-4108-96DF-B3EE87287534}.Release|Any CPU.ActiveCfg = Release|Any CPU
		{8A0942A7-62EB-4108-96DF-B3EE87287534}.Release|Any CPU.Build.0 = Release|Any CPU
		{45384B19-0AA6-4F52-85E0-6522B5A4F7DB}.Debug|Any CPU.ActiveCfg = Debug|Any CPU
		{45384B19-0AA6-4F52-85E0-6522B5A4F7DB}.Debug|Any CPU.Build.0 = Debug|Any CPU
		{45384B19-0AA6-4F52-85E0-6522B5A4F7DB}.Release|Any CPU.ActiveCfg = Release|Any CPU
		{45384B19-0AA6-4F52-85E0-6522B5A4F7DB}.Release|Any CPU.Build.0 = Release|Any CPU
		{88094288-5144-4CEB-BBBC-CD29D73020F8}.Debug|Any CPU.ActiveCfg = Debug|Any CPU
		{88094288-5144-4CEB-BBBC-CD29D73020F8}.Debug|Any CPU.Build.0 = Debug|Any CPU
		{88094288-5144-4CEB-BBBC-CD29D73020F8}.Release|Any CPU.ActiveCfg = Release|Any CPU
		{88094288-5144-4CEB-BBBC-CD29D73020F8}.Release|Any CPU.Build.0 = Release|Any CPU
		{E259DC90-90BF-48E7-92E7-2D01B210BB0D}.Debug|Any CPU.ActiveCfg = Debug|Any CPU
		{E259DC90-90BF-48E7-92E7-2D01B210BB0D}.Debug|Any CPU.Build.0 = Debug|Any CPU
		{E259DC90-90BF-48E7-92E7-2D01B210BB0D}.Release|Any CPU.ActiveCfg = Release|Any CPU
		{E259DC90-90BF-48E7-92E7-2D01B210BB0D}.Release|Any CPU.Build.0 = Release|Any CPU
	EndGlobalSection
	GlobalSection(SolutionProperties) = preSolution
		HideSolutionNode = FALSE
	EndGlobalSection
EndGlobal
